
Microsoft Visual Studio Solution File, Format Version 12.00
# Visual Studio 15
VisualStudioVersion = 15.0.27703.2026
MinimumVisualStudioVersion = 10.0.40219.1
Project("{FAE04EC0-301F-11D3-BF4B-00C04F79EFBC}") = "Proyectpnuevo", "Proyectpnuevo\Proyectpnuevo.csproj", "{C5712A78-56D3-48DF-A09F-5A12669833C9}"
EndProject
Global
	GlobalSection(SolutionConfigurationPlatforms) = preSolution
		Debug|Any CPU = Debug|Any CPU
		Release|Any CPU = Release|Any CPU
	EndGlobalSection
	GlobalSection(ProjectConfigurationPlatforms) = postSolution
		{C5712A78-56D3-48DF-A09F-5A12669833C9}.Debug|Any CPU.ActiveCfg = Debug|Any CPU
		{C5712A78-56D3-48DF-A09F-5A12669833C9}.Debug|Any CPU.Build.0 = Debug|Any CPU
		{C5712A78-56D3-48DF-A09F-5A12669833C9}.Release|Any CPU.ActiveCfg = Release|Any CPU
		{C5712A78-56D3-48DF-A09F-5A12669833C9}.Release|Any CPU.Build.0 = Release|Any CPU
	EndGlobalSection
	GlobalSection(SolutionProperties) = preSolution
		HideSolutionNode = FALSE
	EndGlobalSection
	GlobalSection(ExtensibilityGlobals) = postSolution
		SolutionGuid = {2B81BB5A-4E26-49BB-B790-9B519093BDE6}
	EndGlobalSection
EndGlobal
